Microsoft Visual Studio Solution File, Format Version 12.00
# Visual Studio Version 17
VisualStudioVersion = 17.7.34202.233
MinimumVisualStudioVersion = 10.0.40219.1
Project("{D954291E-2A0B-460D-934E-DC6B0785DB48}") = "vsNLV-shared", "NlvVsExtension\vsNLV-shared.shproj", "{5CB7C0CE-2B2C-4A0E-81E5-2B96D366DDF9}"
EndProject
Project("{FAE04EC0-301F-11D3-BF4B-00C04F79EFBC}") = "vsNLV-to-Vs2019", "NlvVsExtension\Vs2019\vsNLV-to-Vs2019.csproj", "{85E59767-76DA-4155-9D3F-DC6EBF36F7A8}"
EndProject
Project("{FAE04EC0-301F-11D3-BF4B-00C04F79EFBC}") = "vsNLV-from-Vs2022", "NlvVsExtension\Vs2022\vsNLV-from-Vs2022.csproj", "{F1C504B9-2B9C-4ACA-9ECF-1E0AC5F9C904}"
EndProject
Global
	GlobalSection(SolutionConfigurationPlatforms) = preSolution
		Debug|Any CPU = Debug|Any CPU
		Debug|arm64 = Debug|arm64
		Debug|x86 = Debug|x86
		Release|Any CPU = Release|Any CPU
		Release|arm64 = Release|arm64
		Release|x86 = Release|x86
	EndGlobalSection
	GlobalSection(ProjectConfigurationPlatforms) = postSolution
		{85E59767-76DA-4155-9D3F-DC6EBF36F7A8}.Debug|Any CPU.ActiveCfg = Debug|Any CPU
		{85E59767-76DA-4155-9D3F-DC6EBF36F7A8}.Debug|Any CPU.Build.0 = Debug|Any CPU
		{85E59767-76DA-4155-9D3F-DC6EBF36F7A8}.Debug|arm64.ActiveCfg = Debug|arm64
		{85E59767-76DA-4155-9D3F-DC6EBF36F7A8}.Debug|arm64.Build.0 = Debug|arm64
		{85E59767-76DA-4155-9D3F-DC6EBF36F7A8}.Debug|x86.ActiveCfg = Debug|x86
		{85E59767-76DA-4155-9D3F-DC6EBF36F7A8}.Debug|x86.Build.0 = Debug|x86
		{85E59767-76DA-4155-9D3F-DC6EBF36F7A8}.Release|Any CPU.ActiveCfg = Release|Any CPU
		{85E59767-76DA-4155-9D3F-DC6EBF36F7A8}.Release|Any CPU.Build.0 = Release|Any CPU
		{85E59767-76DA-4155-9D3F-DC6EBF36F7A8}.Release|arm64.ActiveCfg = Release|arm64
		{85E59767-76DA-4155-9D3F-DC6EBF36F7A8}.Release|arm64.Build.0 = Release|arm64
		{85E59767-76DA-4155-9D3F-DC6EBF36F7A8}.Release|x86.ActiveCfg = Release|x86
		{85E59767-76DA-4155-9D3F-DC6EBF36F7A8}.Release|x86.Build.0 = Release|x86
		{F1C504B9-2B9C-4ACA-9ECF-1E0AC5F9C904}.Debug|Any CPU.ActiveCfg = Debug|Any CPU
		{F1C504B9-2B9C-4ACA-9ECF-1E0AC5F9C904}.Debug|Any CPU.Build.0 = Debug|Any CPU
		{F1C504B9-2B9C-4ACA-9ECF-1E0AC5F9C904}.Debug|arm64.ActiveCfg = Debug|arm64
		{F1C504B9-2B9C-4ACA-9ECF-1E0AC5F9C904}.Debug|arm64.Build.0 = Debug|arm64
		{F1C504B9-2B9C-4ACA-9ECF-1E0AC5F9C904}.Debug|x86.ActiveCfg = Debug|x86
		{F1C504B9-2B9C-4ACA-9ECF-1E0AC5F9C904}.Debug|x86.Build.0 = Debug|x86
		{F1C504B9-2B9C-4ACA-9ECF-1E0AC5F9C904}.Release|Any CPU.ActiveCfg = Release|Any CPU
		{F1C504B9-2B9C-4ACA-9ECF-1E0AC5F9C904}.Release|Any CPU.Build.0 = Release|Any CPU
		{F1C504B9-2B9C-4ACA-9ECF-1E0AC5F9C904}.Release|arm64.ActiveCfg = Release|arm64
		{F1C504B9-2B9C-4ACA-9ECF-1E0AC5F9C904}.Release|arm64.Build.0 = Release|arm64
		{F1C504B9-2B9C-4ACA-9ECF-1E0AC5F9C904}.Release|x86.ActiveCfg = Release|x86
		{F1C504B9-2B9C-4ACA-9ECF-1E0AC5F9C904}.Release|x86.Build.0 = Release|x86
	EndGlobalSection
	GlobalSection(SolutionProperties) = preSolution
		HideSolutionNode = FALSE
	EndGlobalSection
	GlobalSection(ExtensibilityGlobals) = postSolution
		SolutionGuid = {DFF99DA8-5B95-464B-AC45-D361B8123D6B}
	EndGlobalSection
	GlobalSection(SharedMSBuildProjectFiles) = preSolution
		NlvVsExtension\vsNLV-shared.projitems*{5cb7c0ce-2b2c-4a0e-81e5-2b96d366ddf9}*SharedItemsImports = 13
		NlvVsExtension\vsNLV-shared.projitems*{85e59767-76da-4155-9d3f-dc6ebf36f7a8}*SharedItemsImports = 4
		NlvVsExtension\vsNLV-shared.projitems*{f1c504b9-2b9c-4aca-9ecf-1e0ac5f9c904}*SharedItemsImports = 4
	EndGlobalSection
EndGlobal
